<?xml version="1.0" encoding="utf-8"?>
<Project ToolsVersion="4.0" xmlns="http://schemas.microsoft.com/developer/msbuild/2003">
  <ItemGroup>
    <Filter Include="Source Files">
      <UniqueIdentifier>{4FC737F1-C7A5-4376-A066-2A32D752A2FF}</UniqueIdentifier>
      <Extensions>cpp;cxx;c;def</Extensions>
    </Filter>
    <Filter Include="Form Files">
      <UniqueIdentifier>{99349809-55BA-4b9d-BF79-8FDBB0286EB3}</UniqueIdentifier>
      <Extensions>ui</Extensions>
    </Filter>
    <Filter Include="Resource Files">
      <UniqueIdentifier>{D9D6E242-F8AF-46E4-B9FD-80ECBC20BA3E}</UniqueIdentifier>
      <Extensions>qrc;*</Extensions>
      <ParseFiles>false</ParseFiles>
    </Filter>
    <Filter Include="Generated Files">
      <UniqueIdentifier>{71ED8ED8-ACB9-4CE9-BBE1-E00B30144E11}</UniqueIdentifier>
      <Extensions>moc;h;cpp</Extensions>
      <SourceControlFiles>False</SourceControlFiles>
    </Filter>
    <Filter Include="Generated Files\Debug">
      <UniqueIdentifier>{7771adec-960e-4b5a-a618-666a001a891d}</UniqueIdentifier>
      <Extensions>cpp;moc</Extensions>
      <SourceControlFiles>False</SourceControlFiles>
    </Filter>
    <Filter Include="Generated Files\Release">
      <UniqueIdentifier>{abde899b-7e01-4f49-91a2-cca22c7ef89b}</UniqueIdentifier>
      <Extensions>cpp;moc</Extensions>
      <SourceControlFiles>False</SourceControlFiles>
    </Filter>
    <Filter Include="Helper Code">
      <UniqueIdentifier>{239a44ef-429c-4d2d-abf4-bcde26a8679e}</UniqueIdentifier>
    </Filter>
    <Filter Include="Dialog">
      <UniqueIdentifier>{56bdccd1-63d2-434c-8d1f-f4656f325174}</UniqueIdentifier>
    </Filter>
    <Filter Include="Wrappers">
      <UniqueIdentifier>{51b32b79-0a2d-43cc-9724-b90a4bc64458}</UniqueIdentifier>
    </Filter>
    <Filter Include="Functions">
      <UniqueIdentifier>{ad5013cd-784f-42b7-921d-6092ce17c5c3}</UniqueIdentifier>
    </Filter>
    <Filter Include="Dashboard">
      <UniqueIdentifier>{a0dfc6ee-2a2a-44c0-b8c2-b0a2578943b7}</UniqueIdentifier>
    </Filter>
    <Filter Include="GUI">
      <UniqueIdentifier>{f4c8bd46-51c2-46d6-9d21-a266de0ae9c4}</UniqueIdentifier>
    </Filter>
    <Filter Include="Nodes, Matches and Arrangements">
      <UniqueIdentifier>{3c600c3a-2fb7-4b75-af02-b9a20f4cd425}</UniqueIdentifier>
    </Filter>
    <Filter Include="Match Run">
      <UniqueIdentifier>{533a0aaf-37c0-46af-8d56-7c02d64ddbe7}</UniqueIdentifier>
    </Filter>
  </ItemGroup>
  <ItemGroup>
    <ClCompile Include="GeneratedFiles\qrc_mainwindow.cpp">
      <Filter>Generated Files</Filter>
    </ClCompile>
    <ClCompile Include="GeneratedFiles\Debug\moc_KPDGUIGraphicsScene.cpp">
      <Filter>Generated Files\Debug</Filter>
    </ClCompile>
    <ClCompile Include="GeneratedFiles\Release\moc_KPDGUIGraphicsScene.cpp">
      <Filter>Generated Files\Release</Filter>
    </ClCompile>
    <ClCompile Include="GeneratedFiles\Debug\moc_DialogReadFile.cpp">
      <Filter>Generated Files\Debug</Filter>
    </ClCompile>
    <ClCompile Include="GeneratedFiles\Release\moc_DialogReadFile.cpp">
      <Filter>Generated Files\Release</Filter>
    </ClCompile>
    <ClCompile Include="main.cpp">
      <Filter>Source Files</Filter>
    </ClCompile>
    <ClCompile Include="GeneratedFiles\Debug\moc_KPDGUIGraphicsView.cpp">
      <Filter>Generated Files\Debug</Filter>
    </ClCompile>
    <ClCompile Include="GeneratedFiles\Release\moc_KPDGUIGraphicsView.cpp">
      <Filter>Generated Files\Release</Filter>
    </ClCompile>
    <ClCompile Include="GeneratedFiles\Debug\moc_DialogDonor.cpp">
      <Filter>Generated Files\Debug</Filter>
    </ClCompile>
    <ClCompile Include="GeneratedFiles\Release\moc_DialogDonor.cpp">
      <Filter>Generated Files\Release</Filter>
    </ClCompile>
    <ClCompile Include="GeneratedFiles\Debug\moc_DialogCandidate.cpp">
      <Filter>Generated Files\Debug</Filter>
    </ClCompile>
    <ClCompile Include="GeneratedFiles\Debug\moc_DialogDisplaySettings.cpp">
      <Filter>Generated Files\Debug</Filter>
    </ClCompile>
    <ClCompile Include="GeneratedFiles\Release\moc_DialogDisplaySettings.cpp">
      <Filter>Generated Files\Release</Filter>
    </ClCompile>
    <ClCompile Include="GeneratedFiles\Debug\moc_DialogSimParameters.cpp">
      <Filter>Generated Files\Debug</Filter>
    </ClCompile>
    <ClCompile Include="GeneratedFiles\Release\moc_DialogSimParameters.cpp">
      <Filter>Generated Files\Release</Filter>
    </ClCompile>
    <ClCompile Include="GeneratedFiles\Debug\moc_KPDGUI.cpp">
      <Filter>Generated Files\Debug</Filter>
    </ClCompile>
    <ClCompile Include="GeneratedFiles\Release\moc_KPDGUI.cpp">
      <Filter>Generated Files\Release</Filter>
    </ClCompile>
    <ClCompile Include="GeneratedFiles\Debug\moc_KPDGUINodeWrapper.cpp">
      <Filter>Generated Files\Debug</Filter>
    </ClCompile>
    <ClCompile Include="GeneratedFiles\Release\moc_KPDGUINodeWrapper.cpp">
      <Filter>Generated Files\Release</Filter>
    </ClCompile>
    <ClCompile Include="GeneratedFiles\Debug\moc_KPDGUIMatch.cpp">
      <Filter>Generated Files\Debug</Filter>
    </ClCompile>
    <ClCompile Include="GeneratedFiles\Release\moc_KPDGUIMatch.cpp">
      <Filter>Generated Files\Release</Filter>
    </ClCompile>
    <ClCompile Include="KPDGUIDisplaySettings.cpp">
      <Filter>Dashboard</Filter>
    </ClCompile>
    <ClCompile Include="KPDGUIMatch.cpp">
      <Filter>Nodes, Matches and Arrangements</Filter>
    </ClCompile>
    <ClCompile Include="KPDGUINode.cpp">
      <Filter>Nodes, Matches and Arrangements</Filter>
    </ClCompile>
    <ClCompile Include="DialogCandidate.cpp">
      <Filter>Dialog</Filter>
    </ClCompile>
    <ClCompile Include="DialogDisplaySettings.cpp">
      <Filter>Dialog</Filter>
    </ClCompile>
    <ClCompile Include="DialogDonor.cpp">
      <Filter>Dialog</Filter>
    </ClCompile>
    <ClCompile Include="DialogReadFile.cpp">
      <Filter>Dialog</Filter>
    </ClCompile>
    <ClCompile Include="DialogSimParameters.cpp">
      <Filter>Dialog</Filter>
    </ClCompile>
    <ClCompile Include="KPDGUINodeWrapper.cpp">
      <Filter>Wrappers</Filter>
    </ClCompile>
    <ClCompile Include="KPDGUIMatchWrapper.cpp">
      <Filter>Wrappers</Filter>
    </ClCompile>
    <ClCompile Include="KPDGUIDonor.cpp">
      <Filter>Nodes, Matches and Arrangements</Filter>
    </ClCompile>
    <ClCompile Include="KPDGUICandidate.cpp">
      <Filter>Nodes, Matches and Arrangements</Filter>
    </ClCompile>
    <ClCompile Include="GeneratedFiles\Debug\moc_KPDGUIDonor.cpp">
      <Filter>Generated Files\Debug</Filter>
    </ClCompile>
    <ClCompile Include="GeneratedFiles\Release\moc_KPDGUIDonor.cpp">
      <Filter>Generated Files\Release</Filter>
    </ClCompile>
    <ClCompile Include="GeneratedFiles\Debug\moc_KPDGUICandidate.cpp">
      <Filter>Generated Files\Debug</Filter>
    </ClCompile>
    <ClCompile Include="GeneratedFiles\Release\moc_KPDGUICandidate.cpp">
      <Filter>Generated Files\Release</Filter>
    </ClCompile>
    <ClCompile Include="GeneratedFiles\Debug\moc_KPDGUINode.cpp">
      <Filter>Generated Files\Debug</Filter>
    </ClCompile>
    <ClCompile Include="GeneratedFiles\Release\moc_KPDGUINode.cpp">
      <Filter>Generated Files\Release</Filter>
    </ClCompile>
    <ClCompile Include="KPDGUIDonorWrapper.cpp">
      <Filter>Wrappers</Filter>
    </ClCompile>
    <ClCompile Include="KPDGUICandidateWrapper.cpp">
      <Filter>Wrappers</Filter>
    </ClCompile>
    <ClCompile Include="DialogMatch.cpp">
      <Filter>Dialog</Filter>
    </ClCompile>
    <ClCompile Include="GeneratedFiles\Debug\moc_DialogMatch.cpp">
      <Filter>Generated Files\Debug</Filter>
    </ClCompile>
    <ClCompile Include="GeneratedFiles\Release\moc_DialogMatch.cpp">
      <Filter>Generated Files\Release</Filter>
    </ClCompile>
    <ClCompile Include="GeneratedFiles\Debug\moc_KPDGUIMatchWrapper.cpp">
      <Filter>Generated Files\Debug</Filter>
    </ClCompile>
    <ClCompile Include="GeneratedFiles\Release\moc_KPDGUIMatchWrapper.cpp">
      <Filter>Generated Files\Release</Filter>
    </ClCompile>
    <ClCompile Include="GeneratedFiles\Debug\moc_KPDGUIDonorWrapper.cpp">
      <Filter>Generated Files\Debug</Filter>
    </ClCompile>
    <ClCompile Include="GeneratedFiles\Release\moc_KPDGUIDonorWrapper.cpp">
      <Filter>Generated Files\Release</Filter>
    </ClCompile>
    <ClCompile Include="GeneratedFiles\Debug\moc_KPDGUICandidateWrapper.cpp">
      <Filter>Generated Files\Debug</Filter>
    </ClCompile>
    <ClCompile Include="GeneratedFiles\Release\moc_KPDGUICandidateWrapper.cpp">
      <Filter>Generated Files\Release</Filter>
    </ClCompile>
    <ClCompile Include="GeneratedFiles\Debug\moc_KPDGUICommandHistory.cpp">
      <Filter>Generated Files\Debug</Filter>
    </ClCompile>
    <ClCompile Include="GeneratedFiles\Release\moc_KPDGUICommandHistory.cpp">
      <Filter>Generated Files\Release</Filter>
    </ClCompile>
    <ClCompile Include="KPDGUICommandHistory.cpp">
      <Filter>Dashboard</Filter>
    </ClCompile>
    <ClCompile Include="KPDGUI.cpp">
      <Filter>GUI</Filter>
    </ClCompile>
    <ClCompile Include="KPDGUIGraphicsScene.cpp">
      <Filter>GUI</Filter>
    </ClCompile>
    <ClCompile Include="KPDGUIGraphicsView.cpp">
      <Filter>GUI</Filter>
    </ClCompile>
    <ClCompile Include="KPDGUICrossmatchFunctions.cpp">
      <Filter>Match Run</Filter>
    </ClCompile>
    <ClCompile Include="GeneratedFiles\Debug\moc_KPDGUIHLASelecter.cpp">
      <Filter>Generated Files\Debug</Filter>
    </ClCompile>
    <ClCompile Include="GeneratedFiles\Release\moc_KPDGUIHLASelecter.cpp">
      <Filter>Generated Files\Release</Filter>
    </ClCompile>
    <ClCompile Include="KPDGUIHLASelecter.cpp">
      <Filter>GUI</Filter>
    </ClCompile>
    <ClCompile Include="KPDGUIParameters.cpp">
      <Filter>Match Run</Filter>
    </ClCompile>
    <ClCompile Include="GeneratedFiles\Debug\moc_DialogSurvivalCalculator.cpp">
      <Filter>Generated Files\Debug</Filter>
    </ClCompile>
    <ClCompile Include="DialogSurvivalCalculator.cpp">
      <Filter>Dialog</Filter>
    </ClCompile>
    <ClCompile Include="GeneratedFiles\Release\moc_DialogSurvivalCalculator.cpp">
      <Filter>Generated Files\Release</Filter>
    </ClCompile>
    <ClCompile Include="KPDGUIMatchRun.cpp">
      <Filter>Match Run</Filter>
    </ClCompile>
    <ClCompile Include="KPDGUIArrangementWrapper.cpp">
      <Filter>Wrappers</Filter>
    </ClCompile>
    <ClCompile Include="KPDGUIArrangement.cpp">
      <Filter>Nodes, Matches and Arrangements</Filter>
    </ClCompile>
    <ClCompile Include="GeneratedFiles\Debug\moc_KPDGUIArrangementWrapper.cpp">
      <Filter>Generated Files\Debug</Filter>
    </ClCompile>
    <ClCompile Include="GeneratedFiles\Release\moc_KPDGUIArrangementWrapper.cpp">
      <Filter>Generated Files\Release</Filter>
    </ClCompile>
    <ClCompile Include="KPDGUIArrangementSet.cpp">
      <Filter>Nodes, Matches and Arrangements</Filter>
    </ClCompile>
    <ClCompile Include="KPDGUIDashboardList.cpp">
      <Filter>Dashboard</Filter>
    </ClCompile>
    <ClCompile Include="GeneratedFiles\Debug\moc_KPDGUIDashboardList.cpp">
      <Filter>Generated Files\Debug</Filter>
    </ClCompile>
    <ClCompile Include="GeneratedFiles\Release\moc_KPDGUIDashboardList.cpp">
      <Filter>Generated Files\Release</Filter>
    </ClCompile>
    <ClCompile Include="DialogMessage.cpp">
      <Filter>Dialog</Filter>
    </ClCompile>
    <ClCompile Include="GeneratedFiles\Debug\moc_DialogMessage.cpp">
      <Filter>Generated Files\Debug</Filter>
    </ClCompile>
    <ClCompile Include="GeneratedFiles\Release\moc_DialogMessage.cpp">
      <Filter>Generated Files\Release</Filter>
    </ClCompile>
    <ClCompile Include="GeneratedFiles\Debug\moc_KPDGUIArrangement.cpp">
      <Filter>Generated Files\Debug</Filter>
    </ClCompile>
    <ClCompile Include="GeneratedFiles\Release\moc_KPDGUIArrangement.cpp">
      <Filter>Generated Files\Release</Filter>
    </ClCompile>
    <ClCompile Include="GeneratedFiles\Debug\moc_KPDGUIArrangementSet.cpp">
      <Filter>Generated Files\Debug</Filter>
    </ClCompile>
    <ClCompile Include="GeneratedFiles\Release\moc_KPDGUIArrangementSet.cpp">
      <Filter>Generated Files\Release</Filter>
    </ClCompile>
  </ItemGroup>
  <ItemGroup>
    <CustomBuild Include="mainwindow.qrc">
      <Filter>Resource Files</Filter>
    </CustomBuild>
    <CustomBuild Include="DialogReadFile.h">
      <Filter>Dialog</Filter>
    </CustomBuild>
    <CustomBuild Include="DialogDonor.ui">
      <Filter>Form Files</Filter>
    </CustomBuild>
    <CustomBuild Include="DialogDonor.h">
      <Filter>Dialog</Filter>
    </CustomBuild>
    <CustomBuild Include="DialogDisplaySettings.ui">
      <Filter>Form Files</Filter>
    </CustomBuild>
    <CustomBuild Include="DialogDisplaySettings.h">
      <Filter>Dialog</Filter>
    </CustomBuild>
    <CustomBuild Include="DialogReadFile.ui">
      <Filter>Form Files</Filter>
    </CustomBuild>
    <CustomBuild Include="DialogSimParameters.ui">
      <Filter>Form Files</Filter>
    </CustomBuild>
    <CustomBuild Include="DialogSimParameters.h">
      <Filter>Dialog</Filter>
    </CustomBuild>
    <CustomBuild Include="KPDGUI.ui">
      <Filter>Form Files</Filter>
    </CustomBuild>
    <CustomBuild Include="DialogCandidate.h">
      <Filter>Dialog</Filter>
    </CustomBuild>
    <CustomBuild Include="DialogCandidate.ui">
      <Filter>Form Files</Filter>
    </CustomBuild>
    <CustomBuild Include="KPDGUINodeWrapper.h">
      <Filter>Wrappers</Filter>
    </CustomBuild>
    <CustomBuild Include="KPDGUIMatch.h">
      <Filter>Nodes, Matches and Arrangements</Filter>
    </CustomBuild>
    <CustomBuild Include="KPDGUINode.h">
      <Filter>Nodes, Matches and Arrangements</Filter>
    </CustomBuild>
    <CustomBuild Include="KPDGUIMatchWrapper.h">
      <Filter>Wrappers</Filter>
    </CustomBuild>
    <CustomBuild Include="KPDGUIDonor.h">
      <Filter>Nodes, Matches and Arrangements</Filter>
    </CustomBuild>
    <CustomBuild Include="KPDGUICandidate.h">
      <Filter>Nodes, Matches and Arrangements</Filter>
    </CustomBuild>
    <CustomBuild Include="DialogMatch.ui">
      <Filter>Form Files</Filter>
    </CustomBuild>
    <CustomBuild Include="DialogMatch.h">
      <Filter>Dialog</Filter>
    </CustomBuild>
    <CustomBuild Include="KPDGUIDonorWrapper.h">
      <Filter>Wrappers</Filter>
    </CustomBuild>
    <CustomBuild Include="KPDGUICandidateWrapper.h">
      <Filter>Wrappers</Filter>
    </CustomBuild>
    <CustomBuild Include="KPDGUICommandHistory.h">
      <Filter>Dashboard</Filter>
    </CustomBuild>
    <CustomBuild Include="KPDGUI.h">
      <Filter>GUI</Filter>
    </CustomBuild>
    <CustomBuild Include="KPDGUIGraphicsScene.h">
      <Filter>GUI</Filter>
    </CustomBuild>
    <CustomBuild Include="KPDGUIGraphicsView.h">
      <Filter>GUI</Filter>
    </CustomBuild>
    <CustomBuild Include="KPDGUIHLASelecter.h">
      <Filter>GUI</Filter>
    </CustomBuild>
    <CustomBuild Include="DialogSurvivalCalculator.ui">
      <Filter>Form Files</Filter>
    </CustomBuild>
    <CustomBuild Include="DialogSurvivalCalculator.h">
      <Filter>Dialog</Filter>
    </CustomBuild>
    <CustomBuild Include="KPDGUIArrangement.h">
      <Filter>Nodes, Matches and Arrangements</Filter>
    </CustomBuild>
    <CustomBuild Include="KPDGUIArrangementWrapper.h">
      <Filter>Wrappers</Filter>
    </CustomBuild>
    <CustomBuild Include="KPDGUIArrangementSet.h">
      <Filter>Nodes, Matches and Arrangements</Filter>
    </CustomBuild>
    <CustomBuild Include="KPDGUIDashboardList.h">
      <Filter>Dashboard</Filter>
    </CustomBuild>
    <CustomBuild Include="DialogMessage.ui">
      <Filter>Form Files</Filter>
    </CustomBuild>
    <CustomBuild Include="DialogMessage.h">
      <Filter>Dialog</Filter>
    </CustomBuild>
  </ItemGroup>
  <ItemGroup>
    <ClInclude Include="GeneratedFiles\ui_DialogDonor.h">
      <Filter>Generated Files</Filter>
    </ClInclude>
    <ClInclude Include="GeneratedFiles\ui_DialogDisplaySettings.h">
      <Filter>Generated Files</Filter>
    </ClInclude>
    <ClInclude Include="GeneratedFiles\ui_DialogReadFile.h">
      <Filter>Generated Files</Filter>
    </ClInclude>
    <ClInclude Include="GeneratedFiles\ui_DialogSimParameters.h">
      <Filter>Generated Files</Filter>
    </ClInclude>
    <ClInclude Include="GeneratedFiles\ui_KPDGUI.h">
      <Filter>Generated Files</Filter>
    </ClInclude>
    <ClInclude Include="GeneratedFiles\ui_DialogCandidate.h">
      <Filter>Generated Files</Filter>
    </ClInclude>
    <ClInclude Include="KPDGUIDisplaySettings.h">
      <Filter>Dashboard</Filter>
    </ClInclude>
    <ClInclude Include="GeneratedFiles\ui_DialogMatch.h">
      <Filter>Generated Files</Filter>
    </ClInclude>
    <ClInclude Include="KPDGUICrossmatchFunctions.h">
      <Filter>Match Run</Filter>
    </ClInclude>
    <ClInclude Include="KPDGUIEnumsFunctions.h">
      <Filter>Functions</Filter>
    </ClInclude>
    <ClInclude Include="KPDGUIParameters.h">
      <Filter>Match Run</Filter>
    </ClInclude>
    <ClInclude Include="GeneratedFiles\ui_DialogSurvivalCalculator.h">
      <Filter>Generated Files</Filter>
    </ClInclude>
    <ClInclude Include="KPDGUIMatchRun.h">
      <Filter>Match Run</Filter>
    </ClInclude>
    <ClInclude Include="GeneratedFiles\ui_DialogMessage.h">
      <Filter>Generated Files</Filter>
    </ClInclude>
  </ItemGroup>
  <ItemGroup>
    <Image Include="images\copy.png">
      <Filter>Resource Files</Filter>
    </Image>
    <Image Include="images\cut.png">
      <Filter>Resource Files</Filter>
    </Image>
    <Image Include="images\find.png">
      <Filter>Resource Files</Filter>
    </Image>
    <Image Include="images\gotocell.png">
      <Filter>Resource Files</Filter>
    </Image>
    <Image Include="images\icon.png">
      <Filter>Resource Files</Filter>
    </Image>
    <Image Include="images\new.png">
      <Filter>Resource Files</Filter>
    </Image>
    <Image Include="images\open.png">
      <Filter>Resource Files</Filter>
    </Image>
    <Image Include="images\paste.png">
      <Filter>Resource Files</Filter>
    </Image>
    <Image Include="images\save.png">
      <Filter>Resource Files</Filter>
    </Image>
    <Image Include="images\run.png">
      <Filter>Resource Files</Filter>
    </Image>
    <Image Include="..\..\..\..\..\Mathieu%27s Folder\University of Michigan\KPD Project\KPD GUI\KPD GUI\images\cursor.png">
      <Filter>Resource Files</Filter>
    </Image>
    <Image Include="..\..\..\..\..\Mathieu%27s Folder\University of Michigan\KPD Project\KPD GUI\KPD GUI\images\handtool.png">
      <Filter>Resource Files</Filter>
    </Image>
    <Image Include="..\..\..\..\..\Mathieu%27s Folder\University of Michigan\KPD Project\KPD GUI\KPD GUI\images\zoomin.png">
      <Filter>Resource Files</Filter>
    </Image>
    <Image Include="..\..\..\..\..\Mathieu%27s Folder\University of Michigan\KPD Project\KPD GUI\KPD GUI\images\zoomout.png">
      <Filter>Resource Files</Filter>
    </Image>
    <Image Include="images\refresh.PNG">
      <Filter>Resource Files</Filter>
    </Image>
  </ItemGroup>
</Project>