<?xml version="1.0" encoding="utf-8"?>
<Project ToolsVersion="4.0" xmlns="http://schemas.microsoft.com/developer/msbuild/2003">
  <ItemGroup>
    <Filter Include="Source Files">
      <UniqueIdentifier>{4FC737F1-C7A5-4376-A066-2A32D752A2FF}</UniqueIdentifier>
      <Extensions>cpp;cxx;c;def</Extensions>
    </Filter>
    <Filter Include="Header Files">
      <UniqueIdentifier>{93995380-89BD-4b04-88EB-625FBE52EBFB}</UniqueIdentifier>
      <Extensions>h</Extensions>
    </Filter>
    <Filter Include="Form Files">
      <UniqueIdentifier>{99349809-55BA-4b9d-BF79-8FDBB0286EB3}</UniqueIdentifier>
      <Extensions>ui</Extensions>
    </Filter>
    <Filter Include="Resource Files">
      <UniqueIdentifier>{D9D6E242-F8AF-46E4-B9FD-80ECBC20BA3E}</UniqueIdentifier>
      <Extensions>qrc;*</Extensions>
      <ParseFiles>false</ParseFiles>
    </Filter>
    <Filter Include="Generated Files">
      <UniqueIdentifier>{71ED8ED8-ACB9-4CE9-BBE1-E00B30144E11}</UniqueIdentifier>
      <Extensions>moc;h;cpp</Extensions>
      <SourceControlFiles>False</SourceControlFiles>
    </Filter>
    <Filter Include="Generated Files\Debug">
      <UniqueIdentifier>{7771adec-960e-4b5a-a618-666a001a891d}</UniqueIdentifier>
      <Extensions>cpp;moc</Extensions>
      <SourceControlFiles>False</SourceControlFiles>
    </Filter>
    <Filter Include="Generated Files\Release">
      <UniqueIdentifier>{abde899b-7e01-4f49-91a2-cca22c7ef89b}</UniqueIdentifier>
      <Extensions>cpp;moc</Extensions>
      <SourceControlFiles>False</SourceControlFiles>
    </Filter>
    <Filter Include="Dialog Headers">
      <UniqueIdentifier>{56bdccd1-63d2-434c-8d1f-f4656f325174}</UniqueIdentifier>
    </Filter>
    <Filter Include="Dialog Source">
      <UniqueIdentifier>{895fd849-797e-40d7-9bb9-19d47c802c17}</UniqueIdentifier>
    </Filter>
    <Filter Include="Structures">
      <UniqueIdentifier>{6fd21465-9495-4c6d-9448-121bb37209b1}</UniqueIdentifier>
    </Filter>
    <Filter Include="Wrapper Headers">
      <UniqueIdentifier>{51b32b79-0a2d-43cc-9724-b90a4bc64458}</UniqueIdentifier>
    </Filter>
    <Filter Include="Wrapper Source">
      <UniqueIdentifier>{5d141d6f-ea85-4817-b65f-818ce4c2e330}</UniqueIdentifier>
    </Filter>
  </ItemGroup>
  <ItemGroup>
    <ClCompile Include="GeneratedFiles\qrc_mainwindow.cpp">
      <Filter>Generated Files</Filter>
    </ClCompile>
    <ClCompile Include="GeneratedFiles\Debug\moc_KPDGUIGraphicsScene.cpp">
      <Filter>Generated Files\Debug</Filter>
    </ClCompile>
    <ClCompile Include="GeneratedFiles\Release\moc_KPDGUIGraphicsScene.cpp">
      <Filter>Generated Files\Release</Filter>
    </ClCompile>
    <ClCompile Include="GeneratedFiles\Debug\moc_KPDGUIRecord.cpp">
      <Filter>Generated Files\Debug</Filter>
    </ClCompile>
    <ClCompile Include="GeneratedFiles\Release\moc_KPDGUIRecord.cpp">
      <Filter>Generated Files\Release</Filter>
    </ClCompile>
    <ClCompile Include="GeneratedFiles\Debug\moc_KPDGUINode.cpp">
      <Filter>Generated Files\Debug</Filter>
    </ClCompile>
    <ClCompile Include="GeneratedFiles\Release\moc_KPDGUINode.cpp">
      <Filter>Generated Files\Release</Filter>
    </ClCompile>
    <ClCompile Include="GeneratedFiles\Debug\moc_DialogReadFile.cpp">
      <Filter>Generated Files\Debug</Filter>
    </ClCompile>
    <ClCompile Include="GeneratedFiles\Release\moc_DialogReadFile.cpp">
      <Filter>Generated Files\Release</Filter>
    </ClCompile>
    <ClCompile Include="KPDGUIArrow.cpp">
      <Filter>Source Files</Filter>
    </ClCompile>
    <ClCompile Include="KPDGUIGraphicsScene.cpp">
      <Filter>Source Files</Filter>
    </ClCompile>
    <ClCompile Include="KPDGUIRecord.cpp">
      <Filter>Source Files</Filter>
    </ClCompile>
    <ClCompile Include="KPDGUIStructure.cpp">
      <Filter>Source Files</Filter>
    </ClCompile>
    <ClCompile Include="KPDGUIStructureSet.cpp">
      <Filter>Source Files</Filter>
    </ClCompile>
    <ClCompile Include="KPDGUINode.cpp">
      <Filter>Source Files</Filter>
    </ClCompile>
    <ClCompile Include="GeneratedFiles\Debug\moc_KPDGUIArrow.cpp">
      <Filter>Generated Files\Debug</Filter>
    </ClCompile>
    <ClCompile Include="GeneratedFiles\Release\moc_KPDGUIArrow.cpp">
      <Filter>Generated Files\Release</Filter>
    </ClCompile>
    <ClCompile Include="main.cpp">
      <Filter>Source Files</Filter>
    </ClCompile>
    <ClCompile Include="GeneratedFiles\Debug\moc_KPDGUIGraphicsView.cpp">
      <Filter>Generated Files\Debug</Filter>
    </ClCompile>
    <ClCompile Include="GeneratedFiles\Release\moc_KPDGUIGraphicsView.cpp">
      <Filter>Generated Files\Release</Filter>
    </ClCompile>
    <ClCompile Include="GeneratedFiles\Debug\moc_MultiSelectCompleter.cpp">
      <Filter>Generated Files\Debug</Filter>
    </ClCompile>
    <ClCompile Include="GeneratedFiles\Release\moc_MultiSelectCompleter.cpp">
      <Filter>Generated Files\Release</Filter>
    </ClCompile>
    <ClCompile Include="KPDGUICloud.cpp">
      <Filter>Source Files</Filter>
    </ClCompile>
    <ClCompile Include="GeneratedFiles\Debug\moc_KPDGUICloud.cpp">
      <Filter>Generated Files\Debug</Filter>
    </ClCompile>
    <ClCompile Include="GeneratedFiles\Release\moc_KPDGUICloud.cpp">
      <Filter>Generated Files\Release</Filter>
    </ClCompile>
    <ClCompile Include="DialogReadFile.cpp">
      <Filter>Dialog Source</Filter>
    </ClCompile>
    <ClCompile Include="GeneratedFiles\Debug\moc_DialogDonor.cpp">
      <Filter>Generated Files\Debug</Filter>
    </ClCompile>
    <ClCompile Include="GeneratedFiles\Release\moc_DialogDonor.cpp">
      <Filter>Generated Files\Release</Filter>
    </ClCompile>
    <ClCompile Include="DialogDonor.cpp">
      <Filter>Dialog Source</Filter>
    </ClCompile>
    <ClCompile Include="GeneratedFiles\Debug\moc_DialogCandidate.cpp">
      <Filter>Generated Files\Debug</Filter>
    </ClCompile>
    <ClCompile Include="GeneratedFiles\Debug\moc_DialogDisplaySettings.cpp">
      <Filter>Generated Files\Debug</Filter>
    </ClCompile>
    <ClCompile Include="GeneratedFiles\Release\moc_DialogDisplaySettings.cpp">
      <Filter>Generated Files\Release</Filter>
    </ClCompile>
    <ClCompile Include="DialogDisplaySettings.cpp">
      <Filter>Dialog Source</Filter>
    </ClCompile>
    <ClCompile Include="GeneratedFiles\Debug\moc_DialogSimParameters.cpp">
      <Filter>Generated Files\Debug</Filter>
    </ClCompile>
    <ClCompile Include="GeneratedFiles\Release\moc_DialogSimParameters.cpp">
      <Filter>Generated Files\Release</Filter>
    </ClCompile>
    <ClCompile Include="DialogSimParameters.cpp">
      <Filter>Dialog Source</Filter>
    </ClCompile>
    <ClCompile Include="GeneratedFiles\Debug\moc_KPDGUI.cpp">
      <Filter>Generated Files\Debug</Filter>
    </ClCompile>
    <ClCompile Include="GeneratedFiles\Release\moc_KPDGUI.cpp">
      <Filter>Generated Files\Release</Filter>
    </ClCompile>
    <ClCompile Include="KPDGUI.cpp">
      <Filter>Source Files</Filter>
    </ClCompile>
    <ClCompile Include="KPDGUIDisplaySettings.cpp">
      <Filter>Source Files</Filter>
    </ClCompile>
    <ClCompile Include="KPDGUISimulation.cpp">
      <Filter>Source Files</Filter>
    </ClCompile>
    <ClCompile Include="KPDGUISimParameters.cpp">
      <Filter>Source Files</Filter>
    </ClCompile>
    <ClCompile Include="Donor.cpp">
      <Filter>Structures</Filter>
    </ClCompile>
    <ClCompile Include="Candidate.cpp">
      <Filter>Structures</Filter>
    </ClCompile>
    <ClCompile Include="DialogCandidate.cpp">
      <Filter>Dialog Source</Filter>
    </ClCompile>
    <ClCompile Include="KPDGUIGraphicsView.cpp">
      <Filter>Source Files</Filter>
    </ClCompile>
    <ClCompile Include="RNG.cpp">
      <Filter>Structures</Filter>
    </ClCompile>
    <ClCompile Include="MultiSelectCompleter.cpp">
      <Filter>Structures</Filter>
    </ClCompile>
    <ClCompile Include="KPDGUIDashboard.cpp">
      <Filter>Source Files</Filter>
    </ClCompile>
    <ClCompile Include="GeneratedFiles\Debug\moc_KPDGUIDashboard.cpp">
      <Filter>Generated Files\Debug</Filter>
    </ClCompile>
    <ClCompile Include="GeneratedFiles\Release\moc_KPDGUIDashboard.cpp">
      <Filter>Generated Files\Release</Filter>
    </ClCompile>
    <ClCompile Include="KPDGUIStructureWrapper.cpp">
      <Filter>Wrapper Source</Filter>
    </ClCompile>
    <ClCompile Include="KPDGUIArrowWrapper.cpp">
      <Filter>Wrapper Source</Filter>
    </ClCompile>
    <ClCompile Include="KPDGUINodeWrapper.cpp">
      <Filter>Wrapper Source</Filter>
    </ClCompile>
    <ClCompile Include="GeneratedFiles\Debug\moc_KPDGUINodeWrapper.cpp">
      <Filter>Generated Files\Debug</Filter>
    </ClCompile>
    <ClCompile Include="GeneratedFiles\Release\moc_KPDGUINodeWrapper.cpp">
      <Filter>Generated Files\Release</Filter>
    </ClCompile>
    <ClCompile Include="GeneratedFiles\Debug\moc_KPDGUIPairList.cpp">
      <Filter>Generated Files\Debug</Filter>
    </ClCompile>
    <ClCompile Include="KPDGUIPairList.cpp">
      <Filter>Source Files</Filter>
    </ClCompile>
  </ItemGroup>
  <ItemGroup>
    <CustomBuild Include="KPDGUIGraphicsScene.h">
      <Filter>Header Files</Filter>
    </CustomBuild>
    <CustomBuild Include="KPDGUIRecord.h">
      <Filter>Header Files</Filter>
    </CustomBuild>
    <CustomBuild Include="KPDGUIStructure.h">
      <Filter>Header Files</Filter>
    </CustomBuild>
    <CustomBuild Include="KPDGUIStructureSet.h">
      <Filter>Header Files</Filter>
    </CustomBuild>
    <CustomBuild Include="KPDGUINode.h">
      <Filter>Header Files</Filter>
    </CustomBuild>
    <CustomBuild Include="KPDGUIArrow.h">
      <Filter>Header Files</Filter>
    </CustomBuild>
    <CustomBuild Include="mainwindow.qrc">
      <Filter>Resource Files</Filter>
    </CustomBuild>
    <CustomBuild Include="KPDGUICloud.h">
      <Filter>Header Files</Filter>
    </CustomBuild>
    <CustomBuild Include="DialogReadFile.h">
      <Filter>Dialog Headers</Filter>
    </CustomBuild>
    <CustomBuild Include="DialogDonor.ui">
      <Filter>Form Files</Filter>
    </CustomBuild>
    <CustomBuild Include="DialogDonor.h">
      <Filter>Dialog Headers</Filter>
    </CustomBuild>
    <CustomBuild Include="DialogDisplaySettings.ui">
      <Filter>Form Files</Filter>
    </CustomBuild>
    <CustomBuild Include="DialogDisplaySettings.h">
      <Filter>Dialog Headers</Filter>
    </CustomBuild>
    <CustomBuild Include="DialogReadFile.ui">
      <Filter>Form Files</Filter>
    </CustomBuild>
    <CustomBuild Include="DialogSimParameters.ui">
      <Filter>Form Files</Filter>
    </CustomBuild>
    <CustomBuild Include="DialogSimParameters.h">
      <Filter>Dialog Headers</Filter>
    </CustomBuild>
    <CustomBuild Include="KPDGUI.ui">
      <Filter>Form Files</Filter>
    </CustomBuild>
    <CustomBuild Include="KPDGUI.h">
      <Filter>Header Files</Filter>
    </CustomBuild>
    <CustomBuild Include="KPDGUIGraphicsView.h">
      <Filter>Header Files</Filter>
    </CustomBuild>
    <CustomBuild Include="DialogCandidate.h">
      <Filter>Dialog Headers</Filter>
    </CustomBuild>
    <CustomBuild Include="DialogCandidate.ui">
      <Filter>Form Files</Filter>
    </CustomBuild>
    <CustomBuild Include="MultiSelectCompleter.h">
      <Filter>Structures</Filter>
    </CustomBuild>
    <CustomBuild Include="KPDGUIDashboard.h">
      <Filter>Header Files</Filter>
    </CustomBuild>
    <CustomBuild Include="KPDGUINodeWrapper.h">
      <Filter>Wrapper Headers</Filter>
    </CustomBuild>
    <CustomBuild Include="KPDGUIArrowWrapper.h">
      <Filter>Wrapper Headers</Filter>
    </CustomBuild>
    <CustomBuild Include="KPDGUIPairList.h">
      <Filter>Header Files</Filter>
    </CustomBuild>
  </ItemGroup>
  <ItemGroup>
    <ClInclude Include="GeneratedFiles\ui_DialogDonor.h">
      <Filter>Generated Files</Filter>
    </ClInclude>
    <ClInclude Include="GeneratedFiles\ui_DialogDisplaySettings.h">
      <Filter>Generated Files</Filter>
    </ClInclude>
    <ClInclude Include="GeneratedFiles\ui_DialogReadFile.h">
      <Filter>Generated Files</Filter>
    </ClInclude>
    <ClInclude Include="GeneratedFiles\ui_DialogSimParameters.h">
      <Filter>Generated Files</Filter>
    </ClInclude>
    <ClInclude Include="GeneratedFiles\ui_KPDGUI.h">
      <Filter>Generated Files</Filter>
    </ClInclude>
    <ClInclude Include="Candidate.h">
      <Filter>Structures</Filter>
    </ClInclude>
    <ClInclude Include="KPDGUIDisplaySettings.h">
      <Filter>Header Files</Filter>
    </ClInclude>
    <ClInclude Include="KPDGUISimulation.h">
      <Filter>Header Files</Filter>
    </ClInclude>
    <ClInclude Include="KPDGUISimParameters.h">
      <Filter>Header Files</Filter>
    </ClInclude>
    <ClInclude Include="GeneratedFiles\ui_DialogCandidate.h">
      <Filter>Generated Files</Filter>
    </ClInclude>
    <ClInclude Include="Donor.h">
      <Filter>Structures</Filter>
    </ClInclude>
    <ClInclude Include="EnumsFunctions.h">
      <Filter>Structures</Filter>
    </ClInclude>
    <ClInclude Include="RNG.h">
      <Filter>Structures</Filter>
    </ClInclude>
    <ClInclude Include="KPDGUIStructureWrapper.h">
      <Filter>Wrapper Headers</Filter>
    </ClInclude>
  </ItemGroup>
  <ItemGroup>
    <Image Include="images\copy.png">
      <Filter>Resource Files</Filter>
    </Image>
    <Image Include="images\cut.png">
      <Filter>Resource Files</Filter>
    </Image>
    <Image Include="images\find.png">
      <Filter>Resource Files</Filter>
    </Image>
    <Image Include="images\gotocell.png">
      <Filter>Resource Files</Filter>
    </Image>
    <Image Include="images\icon.png">
      <Filter>Resource Files</Filter>
    </Image>
    <Image Include="images\new.png">
      <Filter>Resource Files</Filter>
    </Image>
    <Image Include="images\open.png">
      <Filter>Resource Files</Filter>
    </Image>
    <Image Include="images\paste.png">
      <Filter>Resource Files</Filter>
    </Image>
    <Image Include="images\save.png">
      <Filter>Resource Files</Filter>
    </Image>
    <Image Include="images\run.png">
      <Filter>Resource Files</Filter>
    </Image>
    <Image Include="..\..\..\..\..\Mathieu%27s Folder\University of Michigan\KPD Project\KPD GUI\KPD GUI\images\cursor.png">
      <Filter>Resource Files</Filter>
    </Image>
    <Image Include="..\..\..\..\..\Mathieu%27s Folder\University of Michigan\KPD Project\KPD GUI\KPD GUI\images\handtool.png">
      <Filter>Resource Files</Filter>
    </Image>
    <Image Include="..\..\..\..\..\Mathieu%27s Folder\University of Michigan\KPD Project\KPD GUI\KPD GUI\images\zoomin.png">
      <Filter>Resource Files</Filter>
    </Image>
    <Image Include="..\..\..\..\..\Mathieu%27s Folder\University of Michigan\KPD Project\KPD GUI\KPD GUI\images\zoomout.png">
      <Filter>Resource Files</Filter>
    </Image>
  </ItemGroup>
</Project>